// !$*UTF8*$!
{
	archiveVersion = 1;
	classes = {
	};
	objectVersion = 51;
	objects = {

/* Begin PBXBuildFile section */
		1E5A869F2EBAAFDBBD9D7B8F /* Pods_GoodNewsRxMVVMTests.framework in Frameworks */ = {isa = PBXBuildFile; fileRef = 53E76ED6FCCC5C1D213141BE /* Pods_GoodNewsRxMVVMTests.framework */; };
		2C3715A92636453A0016F103 /* NewsService.swift in Sources */ = {isa = PBXBuildFile; fileRef = 2C3715A82636453A0016F103 /* NewsService.swift */; };
		2C3715AF263646EB0016F103 /* NewsServiceProviders.swift in Sources */ = {isa = PBXBuildFile; fileRef = 2C3715AE263646EB0016F103 /* NewsServiceProviders.swift */; };
		2C37161B26374CDD0016F103 /* AlertModel.swift in Sources */ = {isa = PBXBuildFile; fileRef = 2C37161A26374CDD0016F103 /* AlertModel.swift */; };
		2C37162326374D5E0016F103 /* AlertBuilder.swift in Sources */ = {isa = PBXBuildFile; fileRef = 2C37162226374D5E0016F103 /* AlertBuilder.swift */; };
		2C37162826374F650016F103 /* AlertPresentableView.swift in Sources */ = {isa = PBXBuildFile; fileRef = 2C37162726374F650016F103 /* AlertPresentableView.swift */; };
		2C37162D263750AE0016F103 /* DisposableViewController.swift in Sources */ = {isa = PBXBuildFile; fileRef = 2C37162C263750AE0016F103 /* DisposableViewController.swift */; };
		2C371633263751A10016F103 /* AlertPresentableViewModel.swift in Sources */ = {isa = PBXBuildFile; fileRef = 2C371632263751A10016F103 /* AlertPresentableViewModel.swift */; };
		2C3716562637564A0016F103 /* AlertViewModel.swift in Sources */ = {isa = PBXBuildFile; fileRef = 2C3716552637564A0016F103 /* AlertViewModel.swift */; };
		2C37165C263759010016F103 /* UITableView+.swift in Sources */ = {isa = PBXBuildFile; fileRef = 2C37165B263759010016F103 /* UITableView+.swift */; };
		2C371663263768CA0016F103 /* Service.swift in Sources */ = {isa = PBXBuildFile; fileRef = 2CA5E41F2635991E00709010 /* Service.swift */; };
		2C37167A26376B650016F103 /* Configuration.swift in Sources */ = {isa = PBXBuildFile; fileRef = 2CA5E4242635995700709010 /* Configuration.swift */; };
		2C3A8FAE263848680059B0A4 /* AppDelegateTests.swift in Sources */ = {isa = PBXBuildFile; fileRef = 2C3A8FAD263848680059B0A4 /* AppDelegateTests.swift */; };
		2C3A8FB126384CBA0059B0A4 /* ConfigurationTests.swift in Sources */ = {isa = PBXBuildFile; fileRef = 2C3A8FB026384CBA0059B0A4 /* ConfigurationTests.swift */; };
		2C3A8FB3263856050059B0A4 /* NewsServiceProvidersTests.swift in Sources */ = {isa = PBXBuildFile; fileRef = 2C3A8FB2263856050059B0A4 /* NewsServiceProvidersTests.swift */; };
		2C3A8FB6263864790059B0A4 /* NewsSample.json in Resources */ = {isa = PBXBuildFile; fileRef = 2C3A8FB5263864790059B0A4 /* NewsSample.json */; };
		2C3A8FBA2638676E0059B0A4 /* ArticleTests.swift in Sources */ = {isa = PBXBuildFile; fileRef = 2C3A8FB92638676E0059B0A4 /* ArticleTests.swift */; };
		2C3A8FBC263869AC0059B0A4 /* SingleNews.json in Resources */ = {isa = PBXBuildFile; fileRef = 2C3A8FBB2638679E0059B0A4 /* SingleNews.json */; };
		2C3A8FC126386A330059B0A4 /* ArticleViewModelTests.swift in Sources */ = {isa = PBXBuildFile; fileRef = 2C3A8FC026386A330059B0A4 /* ArticleViewModelTests.swift */; };
		2C3A8FC42638E3EA0059B0A4 /* Coordinator.swift in Sources */ = {isa = PBXBuildFile; fileRef = 2C3A8FC32638E3EA0059B0A4 /* Coordinator.swift */; };
		2C3A8FC62638E4390059B0A4 /* MainCoordinator.swift in Sources */ = {isa = PBXBuildFile; fileRef = 2C3A8FC52638E4390059B0A4 /* MainCoordinator.swift */; };
		2C3A8FC82638E92C0059B0A4 /* UIStoryboard+.swift in Sources */ = {isa = PBXBuildFile; fileRef = 2C3A8FC72638E92C0059B0A4 /* UIStoryboard+.swift */; };
		2C3A8FCA26390B960059B0A4 /* AlertViewModelTests.swift in Sources */ = {isa = PBXBuildFile; fileRef = 2C3A8FC926390B960059B0A4 /* AlertViewModelTests.swift */; };
		2C3A8FCD26391CFA0059B0A4 /* PublishSubjectRecorder.swift in Sources */ = {isa = PBXBuildFile; fileRef = 2C3A8FCC26391CFA0059B0A4 /* PublishSubjectRecorder.swift */; };
		2C93089D2637B1300024B1ED /* ApiKey.swift in Sources */ = {isa = PBXBuildFile; fileRef = 2C93089C2637B1300024B1ED /* ApiKey.swift */; };
		2C976AAB2635DBC1006F5B13 /* ArticleListCellViewModel.swift in Sources */ = {isa = PBXBuildFile; fileRef = 2C976AAA2635DBC1006F5B13 /* ArticleListCellViewModel.swift */; };
		2C976AB12635DD40006F5B13 /* BindableType.swift in Sources */ = {isa = PBXBuildFile; fileRef = 2C976AB02635DD40006F5B13 /* BindableType.swift */; };
		2C976AB62635DD6E006F5B13 /* UIView+.swift in Sources */ = {isa = PBXBuildFile; fileRef = 2C976AB52635DD6E006F5B13 /* UIView+.swift */; };
		2C976AC52635EAF9006F5B13 /* DisposableViewModel.swift in Sources */ = {isa = PBXBuildFile; fileRef = 2C976AC42635EAF8006F5B13 /* DisposableViewModel.swift */; };
		2C976AE426361D1E006F5B13 /* ArticleList.swift in Sources */ = {isa = PBXBuildFile; fileRef = 2C976AE326361D1E006F5B13 /* ArticleList.swift */; };
		2C976AEC26361DA6006F5B13 /* DisposableTableViewCell.swift in Sources */ = {isa = PBXBuildFile; fileRef = 2C976AEB26361DA6006F5B13 /* DisposableTableViewCell.swift */; };
		2C976AF126362066006F5B13 /* ClassIdentifiable.swift in Sources */ = {isa = PBXBuildFile; fileRef = 2C976AF026362066006F5B13 /* ClassIdentifiable.swift */; };
		2CA5E3CF2635971000709010 /* AppDelegate.swift in Sources */ = {isa = PBXBuildFile; fileRef = 2CA5E3CE2635971000709010 /* AppDelegate.swift */; };
		2CA5E3D12635971000709010 /* SceneDelegate.swift in Sources */ = {isa = PBXBuildFile; fileRef = 2CA5E3D02635971000709010 /* SceneDelegate.swift */; };
		2CA5E3D62635971000709010 /* Main.storyboard in Resources */ = {isa = PBXBuildFile; fileRef = 2CA5E3D42635971000709010 /* Main.storyboard */; };
		2CA5E3D82635971300709010 /* Assets.xcassets in Resources */ = {isa = PBXBuildFile; fileRef = 2CA5E3D72635971300709010 /* Assets.xcassets */; };
		2CA5E3DB2635971300709010 /* LaunchScreen.storyboard in Resources */ = {isa = PBXBuildFile; fileRef = 2CA5E3D92635971300709010 /* LaunchScreen.storyboard */; };
		2CA5E3E62635971300709010 /* GoodNewsRxMVVMTests.swift in Sources */ = {isa = PBXBuildFile; fileRef = 2CA5E3E52635971300709010 /* GoodNewsRxMVVMTests.swift */; };
		2CA5E3F12635971300709010 /* GoodNewsRxMVVMUITests.swift in Sources */ = {isa = PBXBuildFile; fileRef = 2CA5E3F02635971300709010 /* GoodNewsRxMVVMUITests.swift */; };
		2CA5E40E263597A700709010 /* NewsListViewController.swift in Sources */ = {isa = PBXBuildFile; fileRef = 2CA5E40D263597A700709010 /* NewsListViewController.swift */; };
		2CA5E41A2635990800709010 /* Article.swift in Sources */ = {isa = PBXBuildFile; fileRef = 2CA5E4192635990800709010 /* Article.swift */; };
		2CA5E42B26359BC300709010 /* ArticleViewModel.swift in Sources */ = {isa = PBXBuildFile; fileRef = 2CA5E42A26359BC300709010 /* ArticleViewModel.swift */; };
		2CA5E43126359D3D00709010 /* ArticleTableViewCell.swift in Sources */ = {isa = PBXBuildFile; fileRef = 2CA5E43026359D3D00709010 /* ArticleTableViewCell.swift */; };
		ED4EA1AD6088F3373F66CE52 /* Pods_GoodNewsRxMVVM.framework in Frameworks */ = {isa = PBXBuildFile; fileRef = F198106BF14D02536C2A112F /* Pods_GoodNewsRxMVVM.framework */; };
		F778E2C1FFD4BAC17D56F403 /* Pods_GoodNewsRxMVVM_GoodNewsRxMVVMUITests.framework in Frameworks */ = {isa = PBXBuildFile; fileRef = 3E12E510D20196C1F277DBD1 /* Pods_GoodNewsRxMVVM_GoodNewsRxMVVMUITests.framework */; };
/* End PBXBuildFile section */

/* Begin PBXContainerItemProxy section */
		2CA5E3E22635971300709010 /* PBXContainerItemProxy */ = {
			isa = PBXContainerItemProxy;
			containerPortal = 2CA5E3C32635971000709010 /* Project object */;
			proxyType = 1;
			remoteGlobalIDString = 2CA5E3CA2635971000709010;
			remoteInfo = GoodNewsRxMVVM;
		};
		2CA5E3ED2635971300709010 /* PBXContainerItemProxy */ = {
			isa = PBXContainerItemProxy;
			containerPortal = 2CA5E3C32635971000709010 /* Project object */;
			proxyType = 1;
			remoteGlobalIDString = 2CA5E3CA2635971000709010;
			remoteInfo = GoodNewsRxMVVM;
		};
/* End PBXContainerItemProxy section */

/* Begin PBXFileReference section */
		0B83C446120F7D2E6155C975 /* Pods-GoodNewsRxMVVM-GoodNewsRxMVVMUITests.debug.xcconfig */ = {isa = PBXFileReference; includeInIndex = 1; lastKnownFileType = text.xcconfig; name = "Pods-GoodNewsRxMVVM-GoodNewsRxMVVMUITests.debug.xcconfig"; path = "Target Support Files/Pods-GoodNewsRxMVVM-GoodNewsRxMVVMUITests/Pods-GoodNewsRxMVVM-GoodNewsRxMVVMUITests.debug.xcconfig"; sourceTree = "<group>"; };
		1E423D7BC6AD787FA492C828 /* Pods-GoodNewsRxMVVM.release.xcconfig */ = {isa = PBXFileReference; includeInIndex = 1; lastKnownFileType = text.xcconfig; name = "Pods-GoodNewsRxMVVM.release.xcconfig"; path = "Target Support Files/Pods-GoodNewsRxMVVM/Pods-GoodNewsRxMVVM.release.xcconfig"; sourceTree = "<group>"; };
		2C3715A82636453A0016F103 /* NewsService.swift */ = {isa = PBXFileReference; lastKnownFileType = sourcecode.swift; path = NewsService.swift; sourceTree = "<group>"; };
		2C3715AE263646EB0016F103 /* NewsServiceProviders.swift */ = {isa = PBXFileReference; lastKnownFileType = sourcecode.swift; path = NewsServiceProviders.swift; sourceTree = "<group>"; };
		2C37161A26374CDD0016F103 /* AlertModel.swift */ = {isa = PBXFileReference; lastKnownFileType = sourcecode.swift; path = AlertModel.swift; sourceTree = "<group>"; };
		2C37162226374D5E0016F103 /* AlertBuilder.swift */ = {isa = PBXFileReference; lastKnownFileType = sourcecode.swift; path = AlertBuilder.swift; sourceTree = "<group>"; };
		2C37162726374F650016F103 /* AlertPresentableView.swift */ = {isa = PBXFileReference; lastKnownFileType = sourcecode.swift; path = AlertPresentableView.swift; sourceTree = "<group>"; };
		2C37162C263750AE0016F103 /* DisposableViewController.swift */ = {isa = PBXFileReference; lastKnownFileType = sourcecode.swift; path = DisposableViewController.swift; sourceTree = "<group>"; };
		2C371632263751A10016F103 /* AlertPresentableViewModel.swift */ = {isa = PBXFileReference; lastKnownFileType = sourcecode.swift; path = AlertPresentableViewModel.swift; sourceTree = "<group>"; };
		2C3716552637564A0016F103 /* AlertViewModel.swift */ = {isa = PBXFileReference; lastKnownFileType = sourcecode.swift; path = AlertViewModel.swift; sourceTree = "<group>"; };
		2C37165B263759010016F103 /* UITableView+.swift */ = {isa = PBXFileReference; lastKnownFileType = sourcecode.swift; path = "UITableView+.swift"; sourceTree = "<group>"; };
		2C3A8FAD263848680059B0A4 /* AppDelegateTests.swift */ = {isa = PBXFileReference; lastKnownFileType = sourcecode.swift; path = AppDelegateTests.swift; sourceTree = "<group>"; };
		2C3A8FB026384CBA0059B0A4 /* ConfigurationTests.swift */ = {isa = PBXFileReference; lastKnownFileType = sourcecode.swift; path = ConfigurationTests.swift; sourceTree = "<group>"; };
		2C3A8FB2263856050059B0A4 /* NewsServiceProvidersTests.swift */ = {isa = PBXFileReference; lastKnownFileType = sourcecode.swift; path = NewsServiceProvidersTests.swift; sourceTree = "<group>"; };
		2C3A8FB5263864790059B0A4 /* NewsSample.json */ = {isa = PBXFileReference; lastKnownFileType = text.json; path = NewsSample.json; sourceTree = "<group>"; xcLanguageSpecificationIdentifier = xcode.lang.json; };
		2C3A8FB92638676E0059B0A4 /* ArticleTests.swift */ = {isa = PBXFileReference; lastKnownFileType = sourcecode.swift; path = ArticleTests.swift; sourceTree = "<group>"; };
		2C3A8FBB2638679E0059B0A4 /* SingleNews.json */ = {isa = PBXFileReference; lastKnownFileType = text.json; path = SingleNews.json; sourceTree = "<group>"; };
		2C3A8FC026386A330059B0A4 /* ArticleViewModelTests.swift */ = {isa = PBXFileReference; lastKnownFileType = sourcecode.swift; path = ArticleViewModelTests.swift; sourceTree = "<group>"; };
		2C3A8FC32638E3EA0059B0A4 /* Coordinator.swift */ = {isa = PBXFileReference; lastKnownFileType = sourcecode.swift; path = Coordinator.swift; sourceTree = "<group>"; };
		2C3A8FC52638E4390059B0A4 /* MainCoordinator.swift */ = {isa = PBXFileReference; lastKnownFileType = sourcecode.swift; path = MainCoordinator.swift; sourceTree = "<group>"; };
		2C3A8FC72638E92C0059B0A4 /* UIStoryboard+.swift */ = {isa = PBXFileReference; lastKnownFileType = sourcecode.swift; path = "UIStoryboard+.swift"; sourceTree = "<group>"; };
		2C3A8FC926390B960059B0A4 /* AlertViewModelTests.swift */ = {isa = PBXFileReference; lastKnownFileType = sourcecode.swift; path = AlertViewModelTests.swift; sourceTree = "<group>"; };
		2C3A8FCC26391CFA0059B0A4 /* PublishSubjectRecorder.swift */ = {isa = PBXFileReference; lastKnownFileType = sourcecode.swift; path = PublishSubjectRecorder.swift; sourceTree = "<group>"; };
		2C93089C2637B1300024B1ED /* ApiKey.swift */ = {isa = PBXFileReference; lastKnownFileType = sourcecode.swift; path = ApiKey.swift; sourceTree = "<group>"; };
		2C976AAA2635DBC1006F5B13 /* ArticleListCellViewModel.swift */ = {isa = PBXFileReference; lastKnownFileType = sourcecode.swift; path = ArticleListCellViewModel.swift; sourceTree = "<group>"; };
		2C976AB02635DD40006F5B13 /* BindableType.swift */ = {isa = PBXFileReference; fileEncoding = 4; lastKnownFileType = sourcecode.swift; path = BindableType.swift; sourceTree = "<group>"; };
		2C976AB52635DD6E006F5B13 /* UIView+.swift */ = {isa = PBXFileReference; fileEncoding = 4; lastKnownFileType = sourcecode.swift; path = "UIView+.swift"; sourceTree = "<group>"; };
		2C976AC42635EAF8006F5B13 /* DisposableViewModel.swift */ = {isa = PBXFileReference; fileEncoding = 4; lastKnownFileType = sourcecode.swift; path = DisposableViewModel.swift; sourceTree = "<group>"; };
		2C976AE326361D1E006F5B13 /* ArticleList.swift */ = {isa = PBXFileReference; lastKnownFileType = sourcecode.swift; path = ArticleList.swift; sourceTree = "<group>"; };
		2C976AEB26361DA6006F5B13 /* DisposableTableViewCell.swift */ = {isa = PBXFileReference; lastKnownFileType = sourcecode.swift; path = DisposableTableViewCell.swift; sourceTree = "<group>"; };
		2C976AF026362066006F5B13 /* ClassIdentifiable.swift */ = {isa = PBXFileReference; lastKnownFileType = sourcecode.swift; path = ClassIdentifiable.swift; sourceTree = "<group>"; };
		2CA5E3CB2635971000709010 /* GoodNewsRxMVVM.app */ = {isa = PBXFileReference; explicitFileType = wrapper.application; includeInIndex = 0; path = GoodNewsRxMVVM.app; sourceTree = BUILT_PRODUCTS_DIR; };
		2CA5E3CE2635971000709010 /* AppDelegate.swift */ = {isa = PBXFileReference; lastKnownFileType = sourcecode.swift; path = AppDelegate.swift; sourceTree = "<group>"; };
		2CA5E3D02635971000709010 /* SceneDelegate.swift */ = {isa = PBXFileReference; lastKnownFileType = sourcecode.swift; path = SceneDelegate.swift; sourceTree = "<group>"; };
		2CA5E3D52635971000709010 /* Base */ = {isa = PBXFileReference; lastKnownFileType = file.storyboard; name = Base; path = Base.lproj/Main.storyboard; sourceTree = "<group>"; };
		2CA5E3D72635971300709010 /* Assets.xcassets */ = {isa = PBXFileReference; lastKnownFileType = folder.assetcatalog; path = Assets.xcassets; sourceTree = "<group>"; };
		2CA5E3DA2635971300709010 /* Base */ = {isa = PBXFileReference; lastKnownFileType = file.storyboard; name = Base; path = Base.lproj/LaunchScreen.storyboard; sourceTree = "<group>"; };
		2CA5E3DC2635971300709010 /* Info.plist */ = {isa = PBXFileReference; lastKnownFileType = text.plist.xml; path = Info.plist; sourceTree = "<group>"; };
		2CA5E3E12635971300709010 /* GoodNewsRxMVVMTests.xctest */ = {isa = PBXFileReference; explicitFileType = wrapper.cfbundle; includeInIndex = 0; path = GoodNewsRxMVVMTests.xctest; sourceTree = BUILT_PRODUCTS_DIR; };
		2CA5E3E52635971300709010 /* GoodNewsRxMVVMTests.swift */ = {isa = PBXFileReference; lastKnownFileType = sourcecode.swift; path = GoodNewsRxMVVMTests.swift; sourceTree = "<group>"; };
		2CA5E3E72635971300709010 /* Info.plist */ = {isa = PBXFileReference; lastKnownFileType = text.plist.xml; path = Info.plist; sourceTree = "<group>"; };
		2CA5E3EC2635971300709010 /* GoodNewsRxMVVMUITests.xctest */ = {isa = PBXFileReference; explicitFileType = wrapper.cfbundle; includeInIndex = 0; path = GoodNewsRxMVVMUITests.xctest; sourceTree = BUILT_PRODUCTS_DIR; };
		2CA5E3F02635971300709010 /* GoodNewsRxMVVMUITests.swift */ = {isa = PBXFileReference; lastKnownFileType = sourcecode.swift; path = GoodNewsRxMVVMUITests.swift; sourceTree = "<group>"; };
		2CA5E3F22635971300709010 /* Info.plist */ = {isa = PBXFileReference; lastKnownFileType = text.plist.xml; path = Info.plist; sourceTree = "<group>"; };
		2CA5E40D263597A700709010 /* NewsListViewController.swift */ = {isa = PBXFileReference; lastKnownFileType = sourcecode.swift; path = NewsListViewController.swift; sourceTree = "<group>"; };
		2CA5E4192635990800709010 /* Article.swift */ = {isa = PBXFileReference; fileEncoding = 4; lastKnownFileType = sourcecode.swift; path = Article.swift; sourceTree = "<group>"; };
		2CA5E41F2635991E00709010 /* Service.swift */ = {isa = PBXFileReference; lastKnownFileType = sourcecode.swift; path = Service.swift; sourceTree = "<group>"; };
		2CA5E4242635995700709010 /* Configuration.swift */ = {isa = PBXFileReference; lastKnownFileType = sourcecode.swift; path = Configuration.swift; sourceTree = "<group>"; };
		2CA5E42A26359BC300709010 /* ArticleViewModel.swift */ = {isa = PBXFileReference; lastKnownFileType = sourcecode.swift; path = ArticleViewModel.swift; sourceTree = "<group>"; };
		2CA5E43026359D3D00709010 /* ArticleTableViewCell.swift */ = {isa = PBXFileReference; fileEncoding = 4; lastKnownFileType = sourcecode.swift; path = ArticleTableViewCell.swift; sourceTree = "<group>"; };
		3C7659500C1003EABEF8726B /* Pods-GoodNewsRxMVVMTests.debug.xcconfig */ = {isa = PBXFileReference; includeInIndex = 1; lastKnownFileType = text.xcconfig; name = "Pods-GoodNewsRxMVVMTests.debug.xcconfig"; path = "Target Support Files/Pods-GoodNewsRxMVVMTests/Pods-GoodNewsRxMVVMTests.debug.xcconfig"; sourceTree = "<group>"; };
		3E12E510D20196C1F277DBD1 /* Pods_GoodNewsRxMVVM_GoodNewsRxMVVMUITests.framework */ = {isa = PBXFileReference; explicitFileType = wrapper.framework; includeInIndex = 0; path = Pods_GoodNewsRxMVVM_GoodNewsRxMVVMUITests.framework; sourceTree = BUILT_PRODUCTS_DIR; };
		53E76ED6FCCC5C1D213141BE /* Pods_GoodNewsRxMVVMTests.framework */ = {isa = PBXFileReference; explicitFileType = wrapper.framework; includeInIndex = 0; path = Pods_GoodNewsRxMVVMTests.framework; sourceTree = BUILT_PRODUCTS_DIR; };
		D33A6E6D66D41D4F02A850BF /* Pods-GoodNewsRxMVVM-GoodNewsRxMVVMUITests.release.xcconfig */ = {isa = PBXFileReference; includeInIndex = 1; lastKnownFileType = text.xcconfig; name = "Pods-GoodNewsRxMVVM-GoodNewsRxMVVMUITests.release.xcconfig"; path = "Target Support Files/Pods-GoodNewsRxMVVM-GoodNewsRxMVVMUITests/Pods-GoodNewsRxMVVM-GoodNewsRxMVVMUITests.release.xcconfig"; sourceTree = "<group>"; };
		F198106BF14D02536C2A112F /* Pods_GoodNewsRxMVVM.framework */ = {isa = PBXFileReference; explicitFileType = wrapper.framework; includeInIndex = 0; path = Pods_GoodNewsRxMVVM.framework; sourceTree = BUILT_PRODUCTS_DIR; };
		F4B9CD2DE84E879D4734DA05 /* Pods-GoodNewsRxMVVM.debug.xcconfig */ = {isa = PBXFileReference; includeInIndex = 1; lastKnownFileType = text.xcconfig; name = "Pods-GoodNewsRxMVVM.debug.xcconfig"; path = "Target Support Files/Pods-GoodNewsRxMVVM/Pods-GoodNewsRxMVVM.debug.xcconfig"; sourceTree = "<group>"; };
		FB6AD4A91793342F272A6D1E /* Pods-GoodNewsRxMVVMTests.release.xcconfig */ = {isa = PBXFileReference; includeInIndex = 1; lastKnownFileType = text.xcconfig; name = "Pods-GoodNewsRxMVVMTests.release.xcconfig"; path = "Target Support Files/Pods-GoodNewsRxMVVMTests/Pods-GoodNewsRxMVVMTests.release.xcconfig"; sourceTree = "<group>"; };
/* End PBXFileReference section */

/* Begin PBXFrameworksBuildPhase section */
		2CA5E3C82635971000709010 /* Frameworks */ = {
			isa = PBXFrameworksBuildPhase;
			buildActionMask = 2147483647;
			files = (
				ED4EA1AD6088F3373F66CE52 /* Pods_GoodNewsRxMVVM.framework in Frameworks */,
			);
			runOnlyForDeploymentPostprocessing = 0;
		};
		2CA5E3DE2635971300709010 /* Frameworks */ = {
			isa = PBXFrameworksBuildPhase;
			buildActionMask = 2147483647;
			files = (
				1E5A869F2EBAAFDBBD9D7B8F /* Pods_GoodNewsRxMVVMTests.framework in Frameworks */,
			);
			runOnlyForDeploymentPostprocessing = 0;
		};
		2CA5E3E92635971300709010 /* Frameworks */ = {
			isa = PBXFrameworksBuildPhase;
			buildActionMask = 2147483647;
			files = (
				F778E2C1FFD4BAC17D56F403 /* Pods_GoodNewsRxMVVM_GoodNewsRxMVVMUITests.framework in Frameworks */,
			);
			runOnlyForDeploymentPostprocessing = 0;
		};
/* End PBXFrameworksBuildPhase section */

/* Begin PBXGroup section */
		2C3715A7263645240016F103 /* Service */ = {
			isa = PBXGroup;
			children = (
				2C3715A82636453A0016F103 /* NewsService.swift */,
			);
			path = Service;
			sourceTree = "<group>";
		};
		2C3715AD263646D90016F103 /* API */ = {
			isa = PBXGroup;
			children = (
				2CA5E4242635995700709010 /* Configuration.swift */,
				2CA5E41F2635991E00709010 /* Service.swift */,
				2C3715AE263646EB0016F103 /* NewsServiceProviders.swift */,
				2C93089C2637B1300024B1ED /* ApiKey.swift */,
			);
			path = API;
			sourceTree = "<group>";
		};
		2C37161926374CD20016F103 /* Models */ = {
			isa = PBXGroup;
			children = (
				2C37161A26374CDD0016F103 /* AlertModel.swift */,
			);
			path = Models;
			sourceTree = "<group>";
		};
		2C371631263751900016F103 /* ViewModels */ = {
			isa = PBXGroup;
			children = (
				2C371632263751A10016F103 /* AlertPresentableViewModel.swift */,
			);
			path = ViewModels;
			sourceTree = "<group>";
		};
		2C3A8FAF26384CA90059B0A4 /* API */ = {
			isa = PBXGroup;
			children = (
				2C3A8FB026384CBA0059B0A4 /* ConfigurationTests.swift */,
				2C3A8FB2263856050059B0A4 /* NewsServiceProvidersTests.swift */,
			);
			path = API;
			sourceTree = "<group>";
		};
		2C3A8FB42638645A0059B0A4 /* Data */ = {
			isa = PBXGroup;
			children = (
				2C3A8FBB2638679E0059B0A4 /* SingleNews.json */,
				2C3A8FB5263864790059B0A4 /* NewsSample.json */,
			);
			path = Data;
			sourceTree = "<group>";
		};
		2C3A8FB7263867390059B0A4 /* Alert */ = {
			isa = PBXGroup;
			children = (
				2C37162226374D5E0016F103 /* AlertBuilder.swift */,
				2C37162726374F650016F103 /* AlertPresentableView.swift */,
				2C371631263751900016F103 /* ViewModels */,
				2C37161926374CD20016F103 /* Models */,
			);
			path = Alert;
			sourceTree = "<group>";
		};
		2C3A8FB8263867570059B0A4 /* Model */ = {
			isa = PBXGroup;
			children = (
				2C3A8FB92638676E0059B0A4 /* ArticleTests.swift */,
			);
			path = Model;
			sourceTree = "<group>";
		};
		2C3A8FBE26386A180059B0A4 /* NewsList */ = {
			isa = PBXGroup;
			children = (
				2C3A8FBF26386A1F0059B0A4 /* ViewModels */,
			);
			path = NewsList;
			sourceTree = "<group>";
		};
		2C3A8FBF26386A1F0059B0A4 /* ViewModels */ = {
			isa = PBXGroup;
			children = (
				2C3A8FC026386A330059B0A4 /* ArticleViewModelTests.swift */,
				2C3A8FC926390B960059B0A4 /* AlertViewModelTests.swift */,
			);
			path = ViewModels;
			sourceTree = "<group>";
		};
		2C3A8FC22638E3D80059B0A4 /* Coordination */ = {
			isa = PBXGroup;
			children = (
				2C3A8FC32638E3EA0059B0A4 /* Coordinator.swift */,
				2C3A8FC52638E4390059B0A4 /* MainCoordinator.swift */,
			);
			path = Coordination;
			sourceTree = "<group>";
		};
		2C3A8FCB26391CE30059B0A4 /* Utils */ = {
			isa = PBXGroup;
			children = (
				2C3A8FCC26391CFA0059B0A4 /* PublishSubjectRecorder.swift */,
			);
			path = Utils;
			sourceTree = "<group>";
		};
		2C976AAF2635DD37006F5B13 /* Utilities */ = {
			isa = PBXGroup;
			children = (
				2C3A8FB7263867390059B0A4 /* Alert */,
				2C976AC42635EAF8006F5B13 /* DisposableViewModel.swift */,
				2C976AB02635DD40006F5B13 /* BindableType.swift */,
				2C976AEB26361DA6006F5B13 /* DisposableTableViewCell.swift */,
				2C976AF026362066006F5B13 /* ClassIdentifiable.swift */,
				2C37162C263750AE0016F103 /* DisposableViewController.swift */,
			);
			path = Utilities;
			sourceTree = "<group>";
		};
		2C976AE126361CC9006F5B13 /* NewsList */ = {
			isa = PBXGroup;
			children = (
				2CA5E42926359BB700709010 /* ViewModels */,
				2CA5E42F26359D2A00709010 /* Cells */,
				2CA5E40D263597A700709010 /* NewsListViewController.swift */,
			);
			path = NewsList;
			sourceTree = "<group>";
		};
		2C976AE226361CDC006F5B13 /* Business */ = {
			isa = PBXGroup;
			children = (
				2CA5E418263598FC00709010 /* Models */,
			);
			path = Business;
			sourceTree = "<group>";
		};
		2CA5E3C22635971000709010 = {
			isa = PBXGroup;
			children = (
				2CA5E3CD2635971000709010 /* GoodNewsRxMVVM */,
				2CA5E3E42635971300709010 /* GoodNewsRxMVVMTests */,
				2CA5E3EF2635971300709010 /* GoodNewsRxMVVMUITests */,
				2CA5E3CC2635971000709010 /* Products */,
				625F1D2CC143B2397305547C /* Pods */,
				6E7A67F6E6EF8C5D952A16CB /* Frameworks */,
			);
			sourceTree = "<group>";
		};
		2CA5E3CC2635971000709010 /* Products */ = {
			isa = PBXGroup;
			children = (
				2CA5E3CB2635971000709010 /* GoodNewsRxMVVM.app */,
				2CA5E3E12635971300709010 /* GoodNewsRxMVVMTests.xctest */,
				2CA5E3EC2635971300709010 /* GoodNewsRxMVVMUITests.xctest */,
			);
			name = Products;
			sourceTree = "<group>";
		};
		2CA5E3CD2635971000709010 /* GoodNewsRxMVVM */ = {
			isa = PBXGroup;
			children = (
				2C3A8FC22638E3D80059B0A4 /* Coordination */,
				2C3715AD263646D90016F103 /* API */,
				2C3715A7263645240016F103 /* Service */,
				2C976AE226361CDC006F5B13 /* Business */,
				2C976AE126361CC9006F5B13 /* NewsList */,
				2C976AAF2635DD37006F5B13 /* Utilities */,
				2CA5E41E2635991800709010 /* Extensions */,
				2CA5E3CE2635971000709010 /* AppDelegate.swift */,
				2CA5E3D02635971000709010 /* SceneDelegate.swift */,
				2CA5E3D42635971000709010 /* Main.storyboard */,
				2CA5E3D72635971300709010 /* Assets.xcassets */,
				2CA5E3D92635971300709010 /* LaunchScreen.storyboard */,
				2CA5E3DC2635971300709010 /* Info.plist */,
			);
			path = GoodNewsRxMVVM;
			sourceTree = "<group>";
		};
		2CA5E3E42635971300709010 /* GoodNewsRxMVVMTests */ = {
			isa = PBXGroup;
			children = (
				2C3A8FCB26391CE30059B0A4 /* Utils */,
				2C3A8FBE26386A180059B0A4 /* NewsList */,
				2C3A8FB8263867570059B0A4 /* Model */,
				2C3A8FB42638645A0059B0A4 /* Data */,
				2C3A8FAF26384CA90059B0A4 /* API */,
				2CA5E3E52635971300709010 /* GoodNewsRxMVVMTests.swift */,
				2CA5E3E72635971300709010 /* Info.plist */,
				2C3A8FAD263848680059B0A4 /* AppDelegateTests.swift */,
			);
			path = GoodNewsRxMVVMTests;
			sourceTree = "<group>";
		};
		2CA5E3EF2635971300709010 /* GoodNewsRxMVVMUITests */ = {
			isa = PBXGroup;
			children = (
				2CA5E3F02635971300709010 /* GoodNewsRxMVVMUITests.swift */,
				2CA5E3F22635971300709010 /* Info.plist */,
			);
			path = GoodNewsRxMVVMUITests;
			sourceTree = "<group>";
		};
		2CA5E418263598FC00709010 /* Models */ = {
			isa = PBXGroup;
			children = (
				2CA5E4192635990800709010 /* Article.swift */,
			);
			path = Models;
			sourceTree = "<group>";
		};
		2CA5E41E2635991800709010 /* Extensions */ = {
			isa = PBXGroup;
			children = (
				2C976AB52635DD6E006F5B13 /* UIView+.swift */,
				2C37165B263759010016F103 /* UITableView+.swift */,
				2C3A8FC72638E92C0059B0A4 /* UIStoryboard+.swift */,
			);
			path = Extensions;
			sourceTree = "<group>";
		};
		2CA5E42926359BB700709010 /* ViewModels */ = {
			isa = PBXGroup;
			children = (
				2CA5E42A26359BC300709010 /* ArticleViewModel.swift */,
				2C976AE326361D1E006F5B13 /* ArticleList.swift */,
				2C3716552637564A0016F103 /* AlertViewModel.swift */,
			);
			path = ViewModels;
			sourceTree = "<group>";
		};
		2CA5E42F26359D2A00709010 /* Cells */ = {
			isa = PBXGroup;
			children = (
				2CA5E43026359D3D00709010 /* ArticleTableViewCell.swift */,
				2C976AAA2635DBC1006F5B13 /* ArticleListCellViewModel.swift */,
			);
			path = Cells;
			sourceTree = "<group>";
		};
		625F1D2CC143B2397305547C /* Pods */ = {
			isa = PBXGroup;
			children = (
				F4B9CD2DE84E879D4734DA05 /* Pods-GoodNewsRxMVVM.debug.xcconfig */,
				1E423D7BC6AD787FA492C828 /* Pods-GoodNewsRxMVVM.release.xcconfig */,
				0B83C446120F7D2E6155C975 /* Pods-GoodNewsRxMVVM-GoodNewsRxMVVMUITests.debug.xcconfig */,
				D33A6E6D66D41D4F02A850BF /* Pods-GoodNewsRxMVVM-GoodNewsRxMVVMUITests.release.xcconfig */,
				3C7659500C1003EABEF8726B /* Pods-GoodNewsRxMVVMTests.debug.xcconfig */,
				FB6AD4A91793342F272A6D1E /* Pods-GoodNewsRxMVVMTests.release.xcconfig */,
			);
			path = Pods;
			sourceTree = "<group>";
		};
		6E7A67F6E6EF8C5D952A16CB /* Frameworks */ = {
			isa = PBXGroup;
			children = (
				F198106BF14D02536C2A112F /* Pods_GoodNewsRxMVVM.framework */,
				3E12E510D20196C1F277DBD1 /* Pods_GoodNewsRxMVVM_GoodNewsRxMVVMUITests.framework */,
				53E76ED6FCCC5C1D213141BE /* Pods_GoodNewsRxMVVMTests.framework */,
			);
			name = Frameworks;
			sourceTree = "<group>";
		};
/* End PBXGroup section */

/* Begin PBXNativeTarget section */
		2CA5E3CA2635971000709010 /* GoodNewsRxMVVM */ = {
			isa = PBXNativeTarget;
			buildConfigurationList = 2CA5E3F52635971300709010 /* Build configuration list for PBXNativeTarget "GoodNewsRxMVVM" */;
			buildPhases = (
				CB37438E28D0AE288DB2498F /* [CP] Check Pods Manifest.lock */,
				2CA5E3C72635971000709010 /* Sources */,
				2CA5E3C82635971000709010 /* Frameworks */,
				2CA5E3C92635971000709010 /* Resources */,
				DE37028C987D5811938DB5E4 /* [CP] Embed Pods Frameworks */,
			);
			buildRules = (
			);
			dependencies = (
			);
			name = GoodNewsRxMVVM;
			productName = GoodNewsRxMVVM;
			productReference = 2CA5E3CB2635971000709010 /* GoodNewsRxMVVM.app */;
			productType = "com.apple.product-type.application";
		};
		2CA5E3E02635971300709010 /* GoodNewsRxMVVMTests */ = {
			isa = PBXNativeTarget;
			buildConfigurationList = 2CA5E3F82635971300709010 /* Build configuration list for PBXNativeTarget "GoodNewsRxMVVMTests" */;
			buildPhases = (
				D6C695F9A0D803937799AAF3 /* [CP] Check Pods Manifest.lock */,
				2CA5E3DD2635971300709010 /* Sources */,
				2CA5E3DE2635971300709010 /* Frameworks */,
				2CA5E3DF2635971300709010 /* Resources */,
				9F93C1D75D12E20301066D32 /* [CP] Embed Pods Frameworks */,
			);
			buildRules = (
			);
			dependencies = (
				2CA5E3E32635971300709010 /* PBXTargetDependency */,
			);
			name = GoodNewsRxMVVMTests;
			productName = GoodNewsRxMVVMTests;
			productReference = 2CA5E3E12635971300709010 /* GoodNewsRxMVVMTests.xctest */;
			productType = "com.apple.product-type.bundle.unit-test";
		};
		2CA5E3EB2635971300709010 /* GoodNewsRxMVVMUITests */ = {
			isa = PBXNativeTarget;
			buildConfigurationList = 2CA5E3FB2635971300709010 /* Build configuration list for PBXNativeTarget "GoodNewsRxMVVMUITests" */;
			buildPhases = (
				FEF5C80AC0E26FE244BA2A2A /* [CP] Check Pods Manifest.lock */,
				2CA5E3E82635971300709010 /* Sources */,
				2CA5E3E92635971300709010 /* Frameworks */,
				2CA5E3EA2635971300709010 /* Resources */,
				3E9B29CE2155B4B94ABD5596 /* [CP] Embed Pods Frameworks */,
			);
			buildRules = (
			);
			dependencies = (
				2CA5E3EE2635971300709010 /* PBXTargetDependency */,
			);
			name = GoodNewsRxMVVMUITests;
			productName = GoodNewsRxMVVMUITests;
			productReference = 2CA5E3EC2635971300709010 /* GoodNewsRxMVVMUITests.xctest */;
			productType = "com.apple.product-type.bundle.ui-testing";
		};
/* End PBXNativeTarget section */

/* Begin PBXProject section */
		2CA5E3C32635971000709010 /* Project object */ = {
			isa = PBXProject;
			attributes = {
				LastSwiftUpdateCheck = 1240;
				LastUpgradeCheck = 1240;
				TargetAttributes = {
					2CA5E3CA2635971000709010 = {
						CreatedOnToolsVersion = 12.4;
					};
					2CA5E3E02635971300709010 = {
						CreatedOnToolsVersion = 12.4;
						TestTargetID = 2CA5E3CA2635971000709010;
					};
					2CA5E3EB2635971300709010 = {
						CreatedOnToolsVersion = 12.4;
						TestTargetID = 2CA5E3CA2635971000709010;
					};
				};
			};
			buildConfigurationList = 2CA5E3C62635971000709010 /* Build configuration list for PBXProject "GoodNewsRxMVVM" */;
			compatibilityVersion = "Xcode 9.3";
			developmentRegion = en;
			hasScannedForEncodings = 0;
			knownRegions = (
				en,
				Base,
			);
			mainGroup = 2CA5E3C22635971000709010;
			productRefGroup = 2CA5E3CC2635971000709010 /* Products */;
			projectDirPath = "";
			projectRoot = "";
			targets = (
				2CA5E3CA2635971000709010 /* GoodNewsRxMVVM */,
				2CA5E3E02635971300709010 /* GoodNewsRxMVVMTests */,
				2CA5E3EB2635971300709010 /* GoodNewsRxMVVMUITests */,
			);
		};
/* End PBXProject section */

/* Begin PBXResourcesBuildPhase section */
		2CA5E3C92635971000709010 /* Resources */ = {
			isa = PBXResourcesBuildPhase;
			buildActionMask = 2147483647;
			files = (
				2CA5E3DB2635971300709010 /* LaunchScreen.storyboard in Resources */,
				2CA5E3D82635971300709010 /* Assets.xcassets in Resources */,
				2CA5E3D62635971000709010 /* Main.storyboard in Resources */,
			);
			runOnlyForDeploymentPostprocessing = 0;
		};
		2CA5E3DF2635971300709010 /* Resources */ = {
			isa = PBXResourcesBuildPhase;
			buildActionMask = 2147483647;
			files = (
				2C3A8FBC263869AC0059B0A4 /* SingleNews.json in Resources */,
				2C3A8FB6263864790059B0A4 /* NewsSample.json in Resources */,
			);
			runOnlyForDeploymentPostprocessing = 0;
		};
		2CA5E3EA2635971300709010 /* Resources */ = {
			isa = PBXResourcesBuildPhase;
			buildActionMask = 2147483647;
			files = (
			);
			runOnlyForDeploymentPostprocessing = 0;
		};
/* End PBXResourcesBuildPhase section */

/* Begin PBXShellScriptBuildPhase section */
		3E9B29CE2155B4B94ABD5596 /* [CP] Embed Pods Frameworks */ = {
			isa = PBXShellScriptBuildPhase;
			buildActionMask = 2147483647;
			files = (
			);
			inputFileListPaths = (
				"${PODS_ROOT}/Target Support Files/Pods-GoodNewsRxMVVM-GoodNewsRxMVVMUITests/Pods-GoodNewsRxMVVM-GoodNewsRxMVVMUITests-frameworks-${CONFIGURATION}-input-files.xcfilelist",
			);
			name = "[CP] Embed Pods Frameworks";
			outputFileListPaths = (
				"${PODS_ROOT}/Target Support Files/Pods-GoodNewsRxMVVM-GoodNewsRxMVVMUITests/Pods-GoodNewsRxMVVM-GoodNewsRxMVVMUITests-frameworks-${CONFIGURATION}-output-files.xcfilelist",
			);
			runOnlyForDeploymentPostprocessing = 0;
			shellPath = /bin/sh;
			shellScript = "\"${PODS_ROOT}/Target Support Files/Pods-GoodNewsRxMVVM-GoodNewsRxMVVMUITests/Pods-GoodNewsRxMVVM-GoodNewsRxMVVMUITests-frameworks.sh\"\n";
			showEnvVarsInLog = 0;
		};
		9F93C1D75D12E20301066D32 /* [CP] Embed Pods Frameworks */ = {
			isa = PBXShellScriptBuildPhase;
			buildActionMask = 2147483647;
			files = (
			);
			inputFileListPaths = (
				"${PODS_ROOT}/Target Support Files/Pods-GoodNewsRxMVVMTests/Pods-GoodNewsRxMVVMTests-frameworks-${CONFIGURATION}-input-files.xcfilelist",
			);
			name = "[CP] Embed Pods Frameworks";
			outputFileListPaths = (
				"${PODS_ROOT}/Target Support Files/Pods-GoodNewsRxMVVMTests/Pods-GoodNewsRxMVVMTests-frameworks-${CONFIGURATION}-output-files.xcfilelist",
			);
			runOnlyForDeploymentPostprocessing = 0;
			shellPath = /bin/sh;
			shellScript = "\"${PODS_ROOT}/Target Support Files/Pods-GoodNewsRxMVVMTests/Pods-GoodNewsRxMVVMTests-frameworks.sh\"\n";
			showEnvVarsInLog = 0;
		};
		CB37438E28D0AE288DB2498F /* [CP] Check Pods Manifest.lock */ = {
			isa = PBXShellScriptBuildPhase;
			buildActionMask = 2147483647;
			files = (
			);
			inputFileListPaths = (
			);
			inputPaths = (
				"${PODS_PODFILE_DIR_PATH}/Podfile.lock",
				"${PODS_ROOT}/Manifest.lock",
			);
			name = "[CP] Check Pods Manifest.lock";
			outputFileListPaths = (
			);
			outputPaths = (
				"$(DERIVED_FILE_DIR)/Pods-GoodNewsRxMVVM-checkManifestLockResult.txt",
			);
			runOnlyForDeploymentPostprocessing = 0;
			shellPath = /bin/sh;
			shellScript = "diff \"${PODS_PODFILE_DIR_PATH}/Podfile.lock\" \"${PODS_ROOT}/Manifest.lock\" > /dev/null\nif [ $? != 0 ] ; then\n    # print error to STDERR\n    echo \"error: The sandbox is not in sync with the Podfile.lock. Run 'pod install' or update your CocoaPods installation.\" >&2\n    exit 1\nfi\n# This output is used by Xcode 'outputs' to avoid re-running this script phase.\necho \"SUCCESS\" > \"${SCRIPT_OUTPUT_FILE_0}\"\n";
			showEnvVarsInLog = 0;
		};
		D6C695F9A0D803937799AAF3 /* [CP] Check Pods Manifest.lock */ = {
			isa = PBXShellScriptBuildPhase;
			buildActionMask = 2147483647;
			files = (
			);
			inputFileListPaths = (
			);
			inputPaths = (
				"${PODS_PODFILE_DIR_PATH}/Podfile.lock",
				"${PODS_ROOT}/Manifest.lock",
			);
			name = "[CP] Check Pods Manifest.lock";
			outputFileListPaths = (
			);
			outputPaths = (
				"$(DERIVED_FILE_DIR)/Pods-GoodNewsRxMVVMTests-checkManifestLockResult.txt",
			);
			runOnlyForDeploymentPostprocessing = 0;
			shellPath = /bin/sh;
			shellScript = "diff \"${PODS_PODFILE_DIR_PATH}/Podfile.lock\" \"${PODS_ROOT}/Manifest.lock\" > /dev/null\nif [ $? != 0 ] ; then\n    # print error to STDERR\n    echo \"error: The sandbox is not in sync with the Podfile.lock. Run 'pod install' or update your CocoaPods installation.\" >&2\n    exit 1\nfi\n# This output is used by Xcode 'outputs' to avoid re-running this script phase.\necho \"SUCCESS\" > \"${SCRIPT_OUTPUT_FILE_0}\"\n";
			showEnvVarsInLog = 0;
		};
		DE37028C987D5811938DB5E4 /* [CP] Embed Pods Frameworks */ = {
			isa = PBXShellScriptBuildPhase;
			buildActionMask = 2147483647;
			files = (
			);
			inputFileListPaths = (
				"${PODS_ROOT}/Target Support Files/Pods-GoodNewsRxMVVM/Pods-GoodNewsRxMVVM-frameworks-${CONFIGURATION}-input-files.xcfilelist",
			);
			name = "[CP] Embed Pods Frameworks";
			outputFileListPaths = (
				"${PODS_ROOT}/Target Support Files/Pods-GoodNewsRxMVVM/Pods-GoodNewsRxMVVM-frameworks-${CONFIGURATION}-output-files.xcfilelist",
			);
			runOnlyForDeploymentPostprocessing = 0;
			shellPath = /bin/sh;
			shellScript = "\"${PODS_ROOT}/Target Support Files/Pods-GoodNewsRxMVVM/Pods-GoodNewsRxMVVM-frameworks.sh\"\n";
			showEnvVarsInLog = 0;
		};
		FEF5C80AC0E26FE244BA2A2A /* [CP] Check Pods Manifest.lock */ = {
			isa = PBXShellScriptBuildPhase;
			buildActionMask = 2147483647;
			files = (
			);
			inputFileListPaths = (
			);
			inputPaths = (
				"${PODS_PODFILE_DIR_PATH}/Podfile.lock",
				"${PODS_ROOT}/Manifest.lock",
			);
			name = "[CP] Check Pods Manifest.lock";
			outputFileListPaths = (
			);
			outputPaths = (
				"$(DERIVED_FILE_DIR)/Pods-GoodNewsRxMVVM-GoodNewsRxMVVMUITests-checkManifestLockResult.txt",
			);
			runOnlyForDeploymentPostprocessing = 0;
			shellPath = /bin/sh;
			shellScript = "diff \"${PODS_PODFILE_DIR_PATH}/Podfile.lock\" \"${PODS_ROOT}/Manifest.lock\" > /dev/null\nif [ $? != 0 ] ; then\n    # print error to STDERR\n    echo \"error: The sandbox is not in sync with the Podfile.lock. Run 'pod install' or update your CocoaPods installation.\" >&2\n    exit 1\nfi\n# This output is used by Xcode 'outputs' to avoid re-running this script phase.\necho \"SUCCESS\" > \"${SCRIPT_OUTPUT_FILE_0}\"\n";
			showEnvVarsInLog = 0;
		};
/* End PBXShellScriptBuildPhase section */

/* Begin PBXSourcesBuildPhase section */
		2CA5E3C72635971000709010 /* Sources */ = {
			isa = PBXSourcesBuildPhase;
			buildActionMask = 2147483647;
			files = (
				2C976AB62635DD6E006F5B13 /* UIView+.swift in Sources */,
				2CA5E41A2635990800709010 /* Article.swift in Sources */,
				2C3A8FC42638E3EA0059B0A4 /* Coordinator.swift in Sources */,
				2C976AC52635EAF9006F5B13 /* DisposableViewModel.swift in Sources */,
				2C976AAB2635DBC1006F5B13 /* ArticleListCellViewModel.swift in Sources */,
				2C3716562637564A0016F103 /* AlertViewModel.swift in Sources */,
				2C37162326374D5E0016F103 /* AlertBuilder.swift in Sources */,
				2C37167A26376B650016F103 /* Configuration.swift in Sources */,
				2CA5E3CF2635971000709010 /* AppDelegate.swift in Sources */,
				2C3715AF263646EB0016F103 /* NewsServiceProviders.swift in Sources */,
				2C37165C263759010016F103 /* UITableView+.swift in Sources */,
				2C976AB12635DD40006F5B13 /* BindableType.swift in Sources */,
				2CA5E3D12635971000709010 /* SceneDelegate.swift in Sources */,
				2C976AE426361D1E006F5B13 /* ArticleList.swift in Sources */,
				2C976AF126362066006F5B13 /* ClassIdentifiable.swift in Sources */,
				2C3715A92636453A0016F103 /* NewsService.swift in Sources */,
				2C93089D2637B1300024B1ED /* ApiKey.swift in Sources */,
				2C37162D263750AE0016F103 /* DisposableViewController.swift in Sources */,
				2C37162826374F650016F103 /* AlertPresentableView.swift in Sources */,
				2C371663263768CA0016F103 /* Service.swift in Sources */,
				2CA5E43126359D3D00709010 /* ArticleTableViewCell.swift in Sources */,
				2CA5E40E263597A700709010 /* NewsListViewController.swift in Sources */,
				2CA5E42B26359BC300709010 /* ArticleViewModel.swift in Sources */,
				2C37161B26374CDD0016F103 /* AlertModel.swift in Sources */,
				2C3A8FC82638E92C0059B0A4 /* UIStoryboard+.swift in Sources */,
				2C976AEC26361DA6006F5B13 /* DisposableTableViewCell.swift in Sources */,
				2C3A8FC62638E4390059B0A4 /* MainCoordinator.swift in Sources */,
				2C371633263751A10016F103 /* AlertPresentableViewModel.swift in Sources */,
			);
			runOnlyForDeploymentPostprocessing = 0;
		};
		2CA5E3DD2635971300709010 /* Sources */ = {
			isa = PBXSourcesBuildPhase;
			buildActionMask = 2147483647;
			files = (
				2C3A8FAE263848680059B0A4 /* AppDelegateTests.swift in Sources */,
				2C3A8FBA2638676E0059B0A4 /* ArticleTests.swift in Sources */,
				2C3A8FB3263856050059B0A4 /* NewsServiceProvidersTests.swift in Sources */,
				2CA5E3E62635971300709010 /* GoodNewsRxMVVMTests.swift in Sources */,
				2C3A8FCD26391CFA0059B0A4 /* PublishSubjectRecorder.swift in Sources */,
				2C3A8FB126384CBA0059B0A4 /* ConfigurationTests.swift in Sources */,
				2C3A8FC126386A330059B0A4 /* ArticleViewModelTests.swift in Sources */,
				2C3A8FCA26390B960059B0A4 /* AlertViewModelTests.swift in Sources */,
			);
			runOnlyForDeploymentPostprocessing = 0;
		};
		2CA5E3E82635971300709010 /* Sources */ = {
			isa = PBXSourcesBuildPhase;
			buildActionMask = 2147483647;
			files = (
				2CA5E3F12635971300709010 /* GoodNewsRxMVVMUITests.swift in Sources */,
			);
			runOnlyForDeploymentPostprocessing = 0;
		};
/* End PBXSourcesBuildPhase section */

/* Begin PBXTargetDependency section */
		2CA5E3E32635971300709010 /* PBXTargetDependency */ = {
			isa = PBXTargetDependency;
			target = 2CA5E3CA2635971000709010 /* GoodNewsRxMVVM */;
			targetProxy = 2CA5E3E22635971300709010 /* PBXContainerItemProxy */;
		};
		2CA5E3EE2635971300709010 /* PBXTargetDependency */ = {
			isa = PBXTargetDependency;
			target = 2CA5E3CA2635971000709010 /* GoodNewsRxMVVM */;
			targetProxy = 2CA5E3ED2635971300709010 /* PBXContainerItemProxy */;
		};
/* End PBXTargetDependency section */

/* Begin PBXVariantGroup section */
		2CA5E3D42635971000709010 /* Main.storyboard */ = {
			isa = PBXVariantGroup;
			children = (
				2CA5E3D52635971000709010 /* Base */,
			);
			name = Main.storyboard;
			sourceTree = "<group>";
		};
		2CA5E3D92635971300709010 /* LaunchScreen.storyboard */ = {
			isa = PBXVariantGroup;
			children = (
				2CA5E3DA2635971300709010 /* Base */,
			);
			name = LaunchScreen.storyboard;
			sourceTree = "<group>";
		};
/* End PBXVariantGroup section */

/* Begin XCBuildConfiguration section */
		2CA5E3F32635971300709010 /* Debug */ = {
			isa = XCBuildConfiguration;
			buildSettings = {
				ALWAYS_SEARCH_USER_PATHS = NO;
				CLANG_ANALYZER_NONNULL = YES;
				CLANG_ANALYZER_NUMBER_OBJECT_CONVERSION = YES_AGGRESSIVE;
				CLANG_CXX_LANGUAGE_STANDARD = "gnu++14";
				CLANG_CXX_LIBRARY = "libc++";
				CLANG_ENABLE_MODULES = YES;
				CLANG_ENABLE_OBJC_ARC = YES;
				CLANG_ENABLE_OBJC_WEAK = YES;
				CLANG_WARN_BLOCK_CAPTURE_AUTORELEASING = YES;
				CLANG_WARN_BOOL_CONVERSION = YES;
				CLANG_WARN_COMMA = YES;
				CLANG_WARN_CONSTANT_CONVERSION = YES;
				CLANG_WARN_DEPRECATED_OBJC_IMPLEMENTATIONS = YES;
				CLANG_WARN_DIRECT_OBJC_ISA_USAGE = YES_ERROR;
				CLANG_WARN_DOCUMENTATION_COMMENTS = YES;
				CLANG_WARN_EMPTY_BODY = YES;
				CLANG_WARN_ENUM_CONVERSION = YES;
				CLANG_WARN_INFINITE_RECURSION = YES;
				CLANG_WARN_INT_CONVERSION = YES;
				CLANG_WARN_NON_LITERAL_NULL_CONVERSION = YES;
				CLANG_WARN_OBJC_IMPLICIT_RETAIN_SELF = YES;
				CLANG_WARN_OBJC_LITERAL_CONVERSION = YES;
				CLANG_WARN_OBJC_ROOT_CLASS = YES_ERROR;
				CLANG_WARN_QUOTED_INCLUDE_IN_FRAMEWORK_HEADER = YES;
				CLANG_WARN_RANGE_LOOP_ANALYSIS = YES;
				CLANG_WARN_STRICT_PROTOTYPES = YES;
				CLANG_WARN_SUSPICIOUS_MOVE = YES;
				CLANG_WARN_UNGUARDED_AVAILABILITY = YES_AGGRESSIVE;
				CLANG_WARN_UNREACHABLE_CODE = YES;
				CLANG_WARN__DUPLICATE_METHOD_MATCH = YES;
				COPY_PHASE_STRIP = NO;
				DEBUG_INFORMATION_FORMAT = dwarf;
				ENABLE_STRICT_OBJC_MSGSEND = YES;
				ENABLE_TESTABILITY = YES;
				GCC_C_LANGUAGE_STANDARD = gnu11;
				GCC_DYNAMIC_NO_PIC = NO;
				GCC_NO_COMMON_BLOCKS = YES;
				GCC_OPTIMIZATION_LEVEL = 0;
				GCC_PREPROCESSOR_DEFINITIONS = (
					"DEBUG=1",
					"$(inherited)",
				);
				GCC_WARN_64_TO_32_BIT_CONVERSION = YES;
				GCC_WARN_ABOUT_RETURN_TYPE = YES_ERROR;
				GCC_WARN_UNDECLARED_SELECTOR = YES;
				GCC_WARN_UNINITIALIZED_AUTOS = YES_AGGRESSIVE;
				GCC_WARN_UNUSED_FUNCTION = YES;
				GCC_WARN_UNUSED_VARIABLE = YES;
				IPHONEOS_DEPLOYMENT_TARGET = 14.4;
				MTL_ENABLE_DEBUG_INFO = INCLUDE_SOURCE;
				MTL_FAST_MATH = YES;
				ONLY_ACTIVE_ARCH = YES;
				SDKROOT = iphoneos;
				SWIFT_ACTIVE_COMPILATION_CONDITIONS = DEBUG;
				SWIFT_OPTIMIZATION_LEVEL = "-Onone";
			};
			name = Debug;
		};
		2CA5E3F42635971300709010 /* Release */ = {
			isa = XCBuildConfiguration;
			buildSettings = {
				ALWAYS_SEARCH_USER_PATHS = NO;
				CLANG_ANALYZER_NONNULL = YES;
				CLANG_ANALYZER_NUMBER_OBJECT_CONVERSION = YES_AGGRESSIVE;
				CLANG_CXX_LANGUAGE_STANDARD = "gnu++14";
				CLANG_CXX_LIBRARY = "libc++";
				CLANG_ENABLE_MODULES = YES;
				CLANG_ENABLE_OBJC_ARC = YES;
				CLANG_ENABLE_OBJC_WEAK = YES;
				CLANG_WARN_BLOCK_CAPTURE_AUTORELEASING = YES;
				CLANG_WARN_BOOL_CONVERSION = YES;
				CLANG_WARN_COMMA = YES;
				CLANG_WARN_CONSTANT_CONVERSION = YES;
				CLANG_WARN_DEPRECATED_OBJC_IMPLEMENTATIONS = YES;
				CLANG_WARN_DIRECT_OBJC_ISA_USAGE = YES_ERROR;
				CLANG_WARN_DOCUMENTATION_COMMENTS = YES;
				CLANG_WARN_EMPTY_BODY = YES;
				CLANG_WARN_ENUM_CONVERSION = YES;
				CLANG_WARN_INFINITE_RECURSION = YES;
				CLANG_WARN_INT_CONVERSION = YES;
				CLANG_WARN_NON_LITERAL_NULL_CONVERSION = YES;
				CLANG_WARN_OBJC_IMPLICIT_RETAIN_SELF = YES;
				CLANG_WARN_OBJC_LITERAL_CONVERSION = YES;
				CLANG_WARN_OBJC_ROOT_CLASS = YES_ERROR;
				CLANG_WARN_QUOTED_INCLUDE_IN_FRAMEWORK_HEADER = YES;
				CLANG_WARN_RANGE_LOOP_ANALYSIS = YES;
				CLANG_WARN_STRICT_PROTOTYPES = YES;
				CLANG_WARN_SUSPICIOUS_MOVE = YES;
				CLANG_WARN_UNGUARDED_AVAILABILITY = YES_AGGRESSIVE;
				CLANG_WARN_UNREACHABLE_CODE = YES;
				CLANG_WARN__DUPLICATE_METHOD_MATCH = YES;
				COPY_PHASE_STRIP = NO;
				DEBUG_INFORMATION_FORMAT = "dwarf-with-dsym";
				ENABLE_NS_ASSERTIONS = NO;
				ENABLE_STRICT_OBJC_MSGSEND = YES;
				GCC_C_LANGUAGE_STANDARD = gnu11;
				GCC_NO_COMMON_BLOCKS = YES;
				GCC_WARN_64_TO_32_BIT_CONVERSION = YES;
				GCC_WARN_ABOUT_RETURN_TYPE = YES_ERROR;
				GCC_WARN_UNDECLARED_SELECTOR = YES;
				GCC_WARN_UNINITIALIZED_AUTOS = YES_AGGRESSIVE;
				GCC_WARN_UNUSED_FUNCTION = YES;
				GCC_WARN_UNUSED_VARIABLE = YES;
				IPHONEOS_DEPLOYMENT_TARGET = 14.4;
				MTL_ENABLE_DEBUG_INFO = NO;
				MTL_FAST_MATH = YES;
				SDKROOT = iphoneos;
				SWIFT_COMPILATION_MODE = wholemodule;
				SWIFT_OPTIMIZATION_LEVEL = "-O";
				VALIDATE_PRODUCT = YES;
			};
			name = Release;
		};
		2CA5E3F62635971300709010 /* Debug */ = {
			isa = XCBuildConfiguration;
			baseConfigurationReference = F4B9CD2DE84E879D4734DA05 /* Pods-GoodNewsRxMVVM.debug.xcconfig */;
			buildSettings = {
				ASSETCATALOG_COMPILER_APPICON_NAME = AppIcon;
				ASSETCATALOG_COMPILER_GLOBAL_ACCENT_COLOR_NAME = AccentColor;
				CODE_SIGN_STYLE = Automatic;
				DEVELOPMENT_TEAM = 26EP7GUNQN;
				INFOPLIST_FILE = GoodNewsRxMVVM/Info.plist;
				LD_RUNPATH_SEARCH_PATHS = (
					"$(inherited)",
					"@executable_path/Frameworks",
				);
				PRODUCT_BUNDLE_IDENTIFIER = cl.dequin.lab.GoodNewsRxMVVM;
				PRODUCT_NAME = "$(TARGET_NAME)";
				SWIFT_VERSION = 5.0;
				TARGETED_DEVICE_FAMILY = "1,2";
			};
			name = Debug;
		};
		2CA5E3F72635971300709010 /* Release */ = {
			isa = XCBuildConfiguration;
			baseConfigurationReference = 1E423D7BC6AD787FA492C828 /* Pods-GoodNewsRxMVVM.release.xcconfig */;
			buildSettings = {
				ASSETCATALOG_COMPILER_APPICON_NAME = AppIcon;
				ASSETCATALOG_COMPILER_GLOBAL_ACCENT_COLOR_NAME = AccentColor;
				CODE_SIGN_STYLE = Automatic;
				DEVELOPMENT_TEAM = 26EP7GUNQN;
				INFOPLIST_FILE = GoodNewsRxMVVM/Info.plist;
				LD_RUNPATH_SEARCH_PATHS = (
					"$(inherited)",
					"@executable_path/Frameworks",
				);
				PRODUCT_BUNDLE_IDENTIFIER = cl.dequin.lab.GoodNewsRxMVVM;
				PRODUCT_NAME = "$(TARGET_NAME)";
				SWIFT_VERSION = 5.0;
				TARGETED_DEVICE_FAMILY = "1,2";
			};
			name = Release;
		};
		2CA5E3F92635971300709010 /* Debug */ = {
			isa = XCBuildConfiguration;
			baseConfigurationReference = 3C7659500C1003EABEF8726B /* Pods-GoodNewsRxMVVMTests.debug.xcconfig */;
			buildSettings = {
				ALWAYS_EMBED_SWIFT_STANDARD_LIBRARIES = YES;
				BUNDLE_LOADER = "$(TEST_HOST)";
				CODE_SIGN_STYLE = Automatic;
				DEVELOPMENT_TEAM = 26EP7GUNQN;
				INFOPLIST_FILE = GoodNewsRxMVVMTests/Info.plist;
				IPHONEOS_DEPLOYMENT_TARGET = 14.4;
				LD_RUNPATH_SEARCH_PATHS = (
					"$(inherited)",
					"@executable_path/Frameworks",
					"@loader_path/Frameworks",
				);
				PRODUCT_BUNDLE_IDENTIFIER = cl.dequin.lab.GoodNewsRxMVVMTests;
				PRODUCT_NAME = "$(TARGET_NAME)";
				SWIFT_VERSION = 5.0;
				TARGETED_DEVICE_FAMILY = "1,2";
				TEST_HOST = "$(BUILT_PRODUCTS_DIR)/GoodNewsRxMVVM.app/GoodNewsRxMVVM";
			};
			name = Debug;
		};
		2CA5E3FA2635971300709010 /* Release */ = {
			isa = XCBuildConfiguration;
			baseConfigurationReference = FB6AD4A91793342F272A6D1E /* Pods-GoodNewsRxMVVMTests.release.xcconfig */;
			buildSettings = {
				ALWAYS_EMBED_SWIFT_STANDARD_LIBRARIES = YES;
				BUNDLE_LOADER = "$(TEST_HOST)";
				CODE_SIGN_STYLE = Automatic;
				DEVELOPMENT_TEAM = 26EP7GUNQN;
				INFOPLIST_FILE = GoodNewsRxMVVMTests/Info.plist;
				IPHONEOS_DEPLOYMENT_TARGET = 14.4;
				LD_RUNPATH_SEARCH_PATHS = (
					"$(inherited)",
					"@executable_path/Frameworks",
					"@loader_path/Frameworks",
				);
				PRODUCT_BUNDLE_IDENTIFIER = cl.dequin.lab.GoodNewsRxMVVMTests;
				PRODUCT_NAME = "$(TARGET_NAME)";
				SWIFT_VERSION = 5.0;
				TARGETED_DEVICE_FAMILY = "1,2";
				TEST_HOST = "$(BUILT_PRODUCTS_DIR)/GoodNewsRxMVVM.app/GoodNewsRxMVVM";
			};
			name = Release;
		};
		2CA5E3FC2635971300709010 /* Debug */ = {
			isa = XCBuildConfiguration;
			baseConfigurationReference = 0B83C446120F7D2E6155C975 /* Pods-GoodNewsRxMVVM-GoodNewsRxMVVMUITests.debug.xcconfig */;
			buildSettings = {
				ALWAYS_EMBED_SWIFT_STANDARD_LIBRARIES = YES;
				CODE_SIGN_STYLE = Automatic;
				DEVELOPMENT_TEAM = 26EP7GUNQN;
				INFOPLIST_FILE = GoodNewsRxMVVMUITests/Info.plist;
				LD_RUNPATH_SEARCH_PATHS = (
					"$(inherited)",
					"@executable_path/Frameworks",
					"@loader_path/Frameworks",
				);
				PRODUCT_BUNDLE_IDENTIFIER = cl.dequin.lab.GoodNewsRxMVVMUITests;
				PRODUCT_NAME = "$(TARGET_NAME)";
				SWIFT_VERSION = 5.0;
				TARGETED_DEVICE_FAMILY = "1,2";
				TEST_TARGET_NAME = GoodNewsRxMVVM;
			};
			name = Debug;
		};
		2CA5E3FD2635971300709010 /* Release */ = {
			isa = XCBuildConfiguration;
			baseConfigurationReference = D33A6E6D66D41D4F02A850BF /* Pods-GoodNewsRxMVVM-GoodNewsRxMVVMUITests.release.xcconfig */;
			buildSettings = {
				ALWAYS_EMBED_SWIFT_STANDARD_LIBRARIES = YES;
				CODE_SIGN_STYLE = Automatic;
				DEVELOPMENT_TEAM = 26EP7GUNQN;
				INFOPLIST_FILE = GoodNewsRxMVVMUITests/Info.plist;
				LD_RUNPATH_SEARCH_PATHS = (
					"$(inherited)",
					"@executable_path/Frameworks",
					"@loader_path/Frameworks",
				);
				PRODUCT_BUNDLE_IDENTIFIER = cl.dequin.lab.GoodNewsRxMVVMUITests;
				PRODUCT_NAME = "$(TARGET_NAME)";
				SWIFT_VERSION = 5.0;
				TARGETED_DEVICE_FAMILY = "1,2";
				TEST_TARGET_NAME = GoodNewsRxMVVM;
			};
			name = Release;
		};
/* End XCBuildConfiguration section */

/* Begin XCConfigurationList section */
		2CA5E3C62635971000709010 /* Build configuration list for PBXProject "GoodNewsRxMVVM" */ = {
			isa = XCConfigurationList;
			buildConfigurations = (
				2CA5E3F32635971300709010 /* Debug */,
				2CA5E3F42635971300709010 /* Release */,
			);
			defaultConfigurationIsVisible = 0;
			defaultConfigurationName = Release;
		};
		2CA5E3F52635971300709010 /* Build configuration list for PBXNativeTarget "GoodNewsRxMVVM" */ = {
			isa = XCConfigurationList;
			buildConfigurations = (
				2CA5E3F62635971300709010 /* Debug */,
				2CA5E3F72635971300709010 /* Release */,
			);
			defaultConfigurationIsVisible = 0;
			defaultConfigurationName = Release;
		};
		2CA5E3F82635971300709010 /* Build configuration list for PBXNativeTarget "GoodNewsRxMVVMTests" */ = {
			isa = XCConfigurationList;
			buildConfigurations = (
				2CA5E3F92635971300709010 /* Debug */,
				2CA5E3FA2635971300709010 /* Release */,
			);
			defaultConfigurationIsVisible = 0;
			defaultConfigurationName = Release;
		};
		2CA5E3FB2635971300709010 /* Build configuration list for PBXNativeTarget "GoodNewsRxMVVMUITests" */ = {
			isa = XCConfigurationList;
			buildConfigurations = (
				2CA5E3FC2635971300709010 /* Debug */,
				2CA5E3FD2635971300709010 /* Release */,
			);
			defaultConfigurationIsVisible = 0;
			defaultConfigurationName = Release;
		};
/* End XCConfigurationList section */
	};
	rootObject = 2CA5E3C32635971000709010 /* Project object */;
}
